
Microsoft Visual Studio Solution File, Format Version 12.00
# Visual Studio Version 17
VisualStudioVersion = 17.10.35004.147
MinimumVisualStudioVersion = 10.0.40219.1
Project("{FAE04EC0-301F-11D3-BF4B-00C04F79EFBC}") = "StudentRegister", "StudentRegister\StudentRegister.csproj", "{11E144D3-506F-4B57-951D-A131F83BE2B9}"
EndProject
Global
	GlobalSection(SolutionConfigurationPlatforms) = preSolution
		Debug|Any CPU = Debug|Any CPU
		Release|Any CPU = Release|Any CPU
	EndGlobalSection
	GlobalSection(ProjectConfigurationPlatforms) = postSolution
		{11E144D3-506F-4B57-951D-A131F83BE2B9}.Debug|Any CPU.ActiveCfg = Debug|Any CPU
		{11E144D3-506F-4B57-951D-A131F83BE2B9}.Debug|Any CPU.Build.0 = Debug|Any CPU
		{11E144D3-506F-4B57-951D-A131F83BE2B9}.Release|Any CPU.ActiveCfg = Release|Any CPU
		{11E144D3-506F-4B57-951D-A131F83BE2B9}.Release|Any CPU.Build.0 = Release|Any CPU
	EndGlobalSection
	GlobalSection(SolutionProperties) = preSolution
		HideSolutionNode = FALSE
	EndGlobalSection
	GlobalSection(ExtensibilityGlobals) = postSolution
		SolutionGuid = {D5E810DC-EDAC-43F1-ADDB-82D1C0708664}
	EndGlobalSection
EndGlobal
